
Microsoft Visual Studio Solution File, Format Version 12.00
# Visual Studio 15
VisualStudioVersion = 15.0.28307.1062
MinimumVisualStudioVersion = 10.0.40219.1
Project("{FAE04EC0-301F-11D3-BF4B-00C04F79EFBC}") = "Zadanie_1-5", "N6-7\Zadanie_1-5.csproj", "{D8F76516-7FB2-4F14-ADB6-BF94EB8FA353}"
EndProject
Project("{2150E333-8FDC-42A3-9474-1A3956D46DE8}") = "Solution Items", "Solution Items", "{F490A7EC-E7E9-4D08-BEF7-98D430C0B208}"
	ProjectSection(SolutionItems) = preProject
		Zadanie32.jpg = Zadanie32.jpg
		Zadanie5.png = Zadanie5.png
		Zadanie7.xml = Zadanie7.xml
	EndProjectSection
EndProject
Project("{FAE04EC0-301F-11D3-BF4B-00C04F79EFBC}") = "Zadanie_6", "Zadanie_6\Zadanie_6.csproj", "{EC5E0503-EFA6-49DA-9CDC-E29FF6C7A7D4}"
EndProject
Project("{FAE04EC0-301F-11D3-BF4B-00C04F79EFBC}") = "Zadanie_7", "Zadanie_7\Zadanie_7.csproj", "{12DF1182-C640-4277-ADFF-74DCDD7FB20E}"
EndProject
Project("{FAE04EC0-301F-11D3-BF4B-00C04F79EFBC}") = "Zadanie_8", "Zadanie8\Zadanie_8.csproj", "{1DFD400D-259A-4C5F-A53B-012E34999F0C}"
EndProject
Project("{FAE04EC0-301F-11D3-BF4B-00C04F79EFBC}") = "Zadanie_9", "Zadanie9\Zadanie_9.csproj", "{6B4B7DAD-A997-4DD7-AC09-A528C778B645}"
EndProject
Project("{FAE04EC0-301F-11D3-BF4B-00C04F79EFBC}") = "Zadanie_10", "Zadanie10\Zadanie_10.csproj", "{FAAE425F-3B98-4AA6-92B9-CC06213AC0CC}"
EndProject
Project("{FAE04EC0-301F-11D3-BF4B-00C04F79EFBC}") = "Zadanie_11", "Zadanie_11\Zadanie_11.csproj", "{5980C874-03AE-431E-AB70-5FB7E48861F4}"
EndProject
Project("{FAE04EC0-301F-11D3-BF4B-00C04F79EFBC}") = "Zadanie_12", "Zadanie12\Zadanie_12.csproj", "{2FC5D8BC-05CD-4C61-96F5-883DCA374945}"
EndProject
Project("{FAE04EC0-301F-11D3-BF4B-00C04F79EFBC}") = "Zadanie_13", "Zadanie13\Zadanie_13.csproj", "{BA52FA58-B8C0-42CA-AC3B-9F5A21BEA0BB}"
EndProject
Project("{FAE04EC0-301F-11D3-BF4B-00C04F79EFBC}") = "Zadanie_14-16", "Zadanie_14\Zadanie_14-16.csproj", "{13231D6F-1F7B-424A-A80B-59F357A492C7}"
EndProject
Project("{FAE04EC0-301F-11D3-BF4B-00C04F79EFBC}") = "Zadanie_17", "Zadanie_17\Zadanie_17.csproj", "{2EC11BB1-F9BB-4E87-9617-B61C6FA6C634}"
EndProject
Project("{FAE04EC0-301F-11D3-BF4B-00C04F79EFBC}") = "Zadanie_18-20", "Zadanie_18\Zadanie_18-20.csproj", "{47305099-1326-4049-B9A4-E2266712F9CD}"
EndProject
Project("{FAE04EC0-301F-11D3-BF4B-00C04F79EFBC}") = "Zadanie_21", "Zadanie_21\Zadanie_21.csproj", "{2DD455CB-C392-481E-932B-BCB822897ECC}"
EndProject
Project("{FAE04EC0-301F-11D3-BF4B-00C04F79EFBC}") = "Zadanie_22", "Zadanie_22\Zadanie_22.csproj", "{DA29002B-6151-4AD8-896D-5A8B32AD3B40}"
EndProject
Project("{FAE04EC0-301F-11D3-BF4B-00C04F79EFBC}") = "Zadanie_23", "Zadanie23\Zadanie_23.csproj", "{5BADC6A1-1C18-4E67-BAA9-23ADD93F2BC1}"
EndProject
Project("{FAE04EC0-301F-11D3-BF4B-00C04F79EFBC}") = "Zadanie_24", "Zadanie_24\Zadanie_24.csproj", "{1EC954C3-A343-4146-BD39-8AB4F5132F6E}"
EndProject
Project("{FAE04EC0-301F-11D3-BF4B-00C04F79EFBC}") = "Zadanie_25", "Zadanie25\Zadanie_25.csproj", "{37CDA988-3956-4E40-821D-E057FFC36CE7}"
EndProject
Project("{FAE04EC0-301F-11D3-BF4B-00C04F79EFBC}") = "Zadanie_26", "Zadanie_26\Zadanie_26.csproj", "{36DB5FA4-00EB-47A3-A6ED-370190EBCB94}"
EndProject
Project("{FAE04EC0-301F-11D3-BF4B-00C04F79EFBC}") = "Zadanie_27", "Zadanie_27\Zadanie_27.csproj", "{34B4735D-886D-47AE-BF4C-4DDEFBBA01AE}"
EndProject
Project("{FAE04EC0-301F-11D3-BF4B-00C04F79EFBC}") = "Zadanie_28", "Zadanie_28\Zadanie_28.csproj", "{94EF6690-4131-4214-A87B-C0A44CF226C5}"
EndProject
Project("{FAE04EC0-301F-11D3-BF4B-00C04F79EFBC}") = "Zadanie_29", "Zadanie29\Zadanie_29.csproj", "{690587D1-6D96-426E-93F9-96EEE9C3DFB0}"
EndProject
Project("{FAE04EC0-301F-11D3-BF4B-00C04F79EFBC}") = "Zadanie_30", "Zadanie_30\Zadanie_30.csproj", "{C14E46F7-2CF5-4903-908B-2CD7A7C9463C}"
EndProject
Project("{FAE04EC0-301F-11D3-BF4B-00C04F79EFBC}") = "Zadanie_31", "Zadanie_31\Zadanie_31.csproj", "{267271EB-1451-4821-9026-7F8C3E06B4D9}"
EndProject
Project("{FAE04EC0-301F-11D3-BF4B-00C04F79EFBC}") = "Zadanie_32", "Zadanie_32\Zadanie_32.csproj", "{E78E822E-5005-419C-BAF4-053B0C972A1F}"
EndProject
Global
	GlobalSection(SolutionConfigurationPlatforms) = preSolution
		Debug|Any CPU = Debug|Any CPU
		Release|Any CPU = Release|Any CPU
	EndGlobalSection
	GlobalSection(ProjectConfigurationPlatforms) = postSolution
		{D8F76516-7FB2-4F14-ADB6-BF94EB8FA353}.Debug|Any CPU.ActiveCfg = Debug|Any CPU
		{D8F76516-7FB2-4F14-ADB6-BF94EB8FA353}.Debug|Any CPU.Build.0 = Debug|Any CPU
		{D8F76516-7FB2-4F14-ADB6-BF94EB8FA353}.Release|Any CPU.ActiveCfg = Release|Any CPU
		{D8F76516-7FB2-4F14-ADB6-BF94EB8FA353}.Release|Any CPU.Build.0 = Release|Any CPU
		{EC5E0503-EFA6-49DA-9CDC-E29FF6C7A7D4}.Debug|Any CPU.ActiveCfg = Debug|Any CPU
		{EC5E0503-EFA6-49DA-9CDC-E29FF6C7A7D4}.Debug|Any CPU.Build.0 = Debug|Any CPU
		{EC5E0503-EFA6-49DA-9CDC-E29FF6C7A7D4}.Release|Any CPU.ActiveCfg = Release|Any CPU
		{EC5E0503-EFA6-49DA-9CDC-E29FF6C7A7D4}.Release|Any CPU.Build.0 = Release|Any CPU
		{12DF1182-C640-4277-ADFF-74DCDD7FB20E}.Debug|Any CPU.ActiveCfg = Debug|Any CPU
		{12DF1182-C640-4277-ADFF-74DCDD7FB20E}.Debug|Any CPU.Build.0 = Debug|Any CPU
		{12DF1182-C640-4277-ADFF-74DCDD7FB20E}.Release|Any CPU.ActiveCfg = Release|Any CPU
		{12DF1182-C640-4277-ADFF-74DCDD7FB20E}.Release|Any CPU.Build.0 = Release|Any CPU
		{1DFD400D-259A-4C5F-A53B-012E34999F0C}.Debug|Any CPU.ActiveCfg = Debug|Any CPU
		{1DFD400D-259A-4C5F-A53B-012E34999F0C}.Debug|Any CPU.Build.0 = Debug|Any CPU
		{1DFD400D-259A-4C5F-A53B-012E34999F0C}.Release|Any CPU.ActiveCfg = Release|Any CPU
		{1DFD400D-259A-4C5F-A53B-012E34999F0C}.Release|Any CPU.Build.0 = Release|Any CPU
		{6B4B7DAD-A997-4DD7-AC09-A528C778B645}.Debug|Any CPU.ActiveCfg = Debug|Any CPU
		{6B4B7DAD-A997-4DD7-AC09-A528C778B645}.Debug|Any CPU.Build.0 = Debug|Any CPU
		{6B4B7DAD-A997-4DD7-AC09-A528C778B645}.Release|Any CPU.ActiveCfg = Release|Any CPU
		{6B4B7DAD-A997-4DD7-AC09-A528C778B645}.Release|Any CPU.Build.0 = Release|Any CPU
		{FAAE425F-3B98-4AA6-92B9-CC06213AC0CC}.Debug|Any CPU.ActiveCfg = Debug|Any CPU
		{FAAE425F-3B98-4AA6-92B9-CC06213AC0CC}.Debug|Any CPU.Build.0 = Debug|Any CPU
		{FAAE425F-3B98-4AA6-92B9-CC06213AC0CC}.Release|Any CPU.ActiveCfg = Release|Any CPU
		{FAAE425F-3B98-4AA6-92B9-CC06213AC0CC}.Release|Any CPU.Build.0 = Release|Any CPU
		{5980C874-03AE-431E-AB70-5FB7E48861F4}.Debug|Any CPU.ActiveCfg = Debug|Any CPU
		{5980C874-03AE-431E-AB70-5FB7E48861F4}.Debug|Any CPU.Build.0 = Debug|Any CPU
		{5980C874-03AE-431E-AB70-5FB7E48861F4}.Release|Any CPU.ActiveCfg = Release|Any CPU
		{5980C874-03AE-431E-AB70-5FB7E48861F4}.Release|Any CPU.Build.0 = Release|Any CPU
		{2FC5D8BC-05CD-4C61-96F5-883DCA374945}.Debug|Any CPU.ActiveCfg = Debug|Any CPU
		{2FC5D8BC-05CD-4C61-96F5-883DCA374945}.Debug|Any CPU.Build.0 = Debug|Any CPU
		{2FC5D8BC-05CD-4C61-96F5-883DCA374945}.Release|Any CPU.ActiveCfg = Release|Any CPU
		{2FC5D8BC-05CD-4C61-96F5-883DCA374945}.Release|Any CPU.Build.0 = Release|Any CPU
		{BA52FA58-B8C0-42CA-AC3B-9F5A21BEA0BB}.Debug|Any CPU.ActiveCfg = Debug|Any CPU
		{BA52FA58-B8C0-42CA-AC3B-9F5A21BEA0BB}.Debug|Any CPU.Build.0 = Debug|Any CPU
		{BA52FA58-B8C0-42CA-AC3B-9F5A21BEA0BB}.Release|Any CPU.ActiveCfg = Release|Any CPU
		{BA52FA58-B8C0-42CA-AC3B-9F5A21BEA0BB}.Release|Any CPU.Build.0 = Release|Any CPU
		{13231D6F-1F7B-424A-A80B-59F357A492C7}.Debug|Any CPU.ActiveCfg = Debug|Any CPU
		{13231D6F-1F7B-424A-A80B-59F357A492C7}.Debug|Any CPU.Build.0 = Debug|Any CPU
		{13231D6F-1F7B-424A-A80B-59F357A492C7}.Release|Any CPU.ActiveCfg = Release|Any CPU
		{13231D6F-1F7B-424A-A80B-59F357A492C7}.Release|Any CPU.Build.0 = Release|Any CPU
		{2EC11BB1-F9BB-4E87-9617-B61C6FA6C634}.Debug|Any CPU.ActiveCfg = Debug|Any CPU
		{2EC11BB1-F9BB-4E87-9617-B61C6FA6C634}.Debug|Any CPU.Build.0 = Debug|Any CPU
		{2EC11BB1-F9BB-4E87-9617-B61C6FA6C634}.Release|Any CPU.ActiveCfg = Release|Any CPU
		{2EC11BB1-F9BB-4E87-9617-B61C6FA6C634}.Release|Any CPU.Build.0 = Release|Any CPU
		{47305099-1326-4049-B9A4-E2266712F9CD}.Debug|Any CPU.ActiveCfg = Debug|Any CPU
		{47305099-1326-4049-B9A4-E2266712F9CD}.Debug|Any CPU.Build.0 = Debug|Any CPU
		{47305099-1326-4049-B9A4-E2266712F9CD}.Release|Any CPU.ActiveCfg = Release|Any CPU
		{47305099-1326-4049-B9A4-E2266712F9CD}.Release|Any CPU.Build.0 = Release|Any CPU
		{2DD455CB-C392-481E-932B-BCB822897ECC}.Debug|Any CPU.ActiveCfg = Debug|Any CPU
		{2DD455CB-C392-481E-932B-BCB822897ECC}.Debug|Any CPU.Build.0 = Debug|Any CPU
		{2DD455CB-C392-481E-932B-BCB822897ECC}.Release|Any CPU.ActiveCfg = Release|Any CPU
		{2DD455CB-C392-481E-932B-BCB822897ECC}.Release|Any CPU.Build.0 = Release|Any CPU
		{DA29002B-6151-4AD8-896D-5A8B32AD3B40}.Debug|Any CPU.ActiveCfg = Debug|Any CPU
		{DA29002B-6151-4AD8-896D-5A8B32AD3B40}.Debug|Any CPU.Build.0 = Debug|Any CPU
		{DA29002B-6151-4AD8-896D-5A8B32AD3B40}.Release|Any CPU.ActiveCfg = Release|Any CPU
		{DA29002B-6151-4AD8-896D-5A8B32AD3B40}.Release|Any CPU.Build.0 = Release|Any CPU
		{5BADC6A1-1C18-4E67-BAA9-23ADD93F2BC1}.Debug|Any CPU.ActiveCfg = Debug|Any CPU
		{5BADC6A1-1C18-4E67-BAA9-23ADD93F2BC1}.Debug|Any CPU.Build.0 = Debug|Any CPU
		{5BADC6A1-1C18-4E67-BAA9-23ADD93F2BC1}.Release|Any CPU.ActiveCfg = Release|Any CPU
		{5BADC6A1-1C18-4E67-BAA9-23ADD93F2BC1}.Release|Any CPU.Build.0 = Release|Any CPU
		{1EC954C3-A343-4146-BD39-8AB4F5132F6E}.Debug|Any CPU.ActiveCfg = Debug|Any CPU
		{1EC954C3-A343-4146-BD39-8AB4F5132F6E}.Debug|Any CPU.Build.0 = Debug|Any CPU
		{1EC954C3-A343-4146-BD39-8AB4F5132F6E}.Release|Any CPU.ActiveCfg = Release|Any CPU
		{1EC954C3-A343-4146-BD39-8AB4F5132F6E}.Release|Any CPU.Build.0 = Release|Any CPU
		{37CDA988-3956-4E40-821D-E057FFC36CE7}.Debug|Any CPU.ActiveCfg = Debug|Any CPU
		{37CDA988-3956-4E40-821D-E057FFC36CE7}.Debug|Any CPU.Build.0 = Debug|Any CPU
		{37CDA988-3956-4E40-821D-E057FFC36CE7}.Release|Any CPU.ActiveCfg = Release|Any CPU
		{37CDA988-3956-4E40-821D-E057FFC36CE7}.Release|Any CPU.Build.0 = Release|Any CPU
		{36DB5FA4-00EB-47A3-A6ED-370190EBCB94}.Debug|Any CPU.ActiveCfg = Debug|Any CPU
		{36DB5FA4-00EB-47A3-A6ED-370190EBCB94}.Debug|Any CPU.Build.0 = Debug|Any CPU
		{36DB5FA4-00EB-47A3-A6ED-370190EBCB94}.Release|Any CPU.ActiveCfg = Release|Any CPU
		{36DB5FA4-00EB-47A3-A6ED-370190EBCB94}.Release|Any CPU.Build.0 = Release|Any CPU
		{34B4735D-886D-47AE-BF4C-4DDEFBBA01AE}.Debug|Any CPU.ActiveCfg = Debug|Any CPU
		{34B4735D-886D-47AE-BF4C-4DDEFBBA01AE}.Debug|Any CPU.Build.0 = Debug|Any CPU
		{34B4735D-886D-47AE-BF4C-4DDEFBBA01AE}.Release|Any CPU.ActiveCfg = Release|Any CPU
		{34B4735D-886D-47AE-BF4C-4DDEFBBA01AE}.Release|Any CPU.Build.0 = Release|Any CPU
		{94EF6690-4131-4214-A87B-C0A44CF226C5}.Debug|Any CPU.ActiveCfg = Debug|Any CPU
		{94EF6690-4131-4214-A87B-C0A44CF226C5}.Debug|Any CPU.Build.0 = Debug|Any CPU
		{94EF6690-4131-4214-A87B-C0A44CF226C5}.Release|Any CPU.ActiveCfg = Release|Any CPU
		{94EF6690-4131-4214-A87B-C0A44CF226C5}.Release|Any CPU.Build.0 = Release|Any CPU
		{690587D1-6D96-426E-93F9-96EEE9C3DFB0}.Debug|Any CPU.ActiveCfg = Debug|Any CPU
		{690587D1-6D96-426E-93F9-96EEE9C3DFB0}.Debug|Any CPU.Build.0 = Debug|Any CPU
		{690587D1-6D96-426E-93F9-96EEE9C3DFB0}.Release|Any CPU.ActiveCfg = Release|Any CPU
		{690587D1-6D96-426E-93F9-96EEE9C3DFB0}.Release|Any CPU.Build.0 = Release|Any CPU
		{C14E46F7-2CF5-4903-908B-2CD7A7C9463C}.Debug|Any CPU.ActiveCfg = Debug|Any CPU
		{C14E46F7-2CF5-4903-908B-2CD7A7C9463C}.Debug|Any CPU.Build.0 = Debug|Any CPU
		{C14E46F7-2CF5-4903-908B-2CD7A7C9463C}.Release|Any CPU.ActiveCfg = Release|Any CPU
		{C14E46F7-2CF5-4903-908B-2CD7A7C9463C}.Release|Any CPU.Build.0 = Release|Any CPU
		{267271EB-1451-4821-9026-7F8C3E06B4D9}.Debug|Any CPU.ActiveCfg = Debug|Any CPU
		{267271EB-1451-4821-9026-7F8C3E06B4D9}.Debug|Any CPU.Build.0 = Debug|Any CPU
		{267271EB-1451-4821-9026-7F8C3E06B4D9}.Release|Any CPU.ActiveCfg = Release|Any CPU
		{267271EB-1451-4821-9026-7F8C3E06B4D9}.Release|Any CPU.Build.0 = Release|Any CPU
		{E78E822E-5005-419C-BAF4-053B0C972A1F}.Debug|Any CPU.ActiveCfg = Debug|Any CPU
		{E78E822E-5005-419C-BAF4-053B0C972A1F}.Debug|Any CPU.Build.0 = Debug|Any CPU
		{E78E822E-5005-419C-BAF4-053B0C972A1F}.Release|Any CPU.ActiveCfg = Release|Any CPU
		{E78E822E-5005-419C-BAF4-053B0C972A1F}.Release|Any CPU.Build.0 = Release|Any CPU
	EndGlobalSection
	GlobalSection(SolutionProperties) = preSolution
		HideSolutionNode = FALSE
	EndGlobalSection
	GlobalSection(ExtensibilityGlobals) = postSolution
		SolutionGuid = {78F3C0E6-AF16-4051-8E04-7589E81798A3}
	EndGlobalSection
EndGlobal
